// !$*UTF8*$!
{
	archiveVersion = 1;
	classes = {
	};
	objectVersion = 50;
	objects = {

/* Begin PBXBuildFile section */
		34741831257F5D9B006538D9 /* AppDelegate.swift in Sources */ = {isa = PBXBuildFile; fileRef = 34741830257F5D9B006538D9 /* AppDelegate.swift */; };
		34741833257F5D9B006538D9 /* SceneDelegate.swift in Sources */ = {isa = PBXBuildFile; fileRef = 34741832257F5D9B006538D9 /* SceneDelegate.swift */; };
		34741835257F5D9B006538D9 /* ViewController.swift in Sources */ = {isa = PBXBuildFile; fileRef = 34741834257F5D9B006538D9 /* ViewController.swift */; };
		34741838257F5D9B006538D9 /* Main.storyboard in Resources */ = {isa = PBXBuildFile; fileRef = 34741836257F5D9B006538D9 /* Main.storyboard */; };
		3474183A257F5D9D006538D9 /* Assets.xcassets in Resources */ = {isa = PBXBuildFile; fileRef = 34741839257F5D9D006538D9 /* Assets.xcassets */; };
		3474183D257F5D9D006538D9 /* LaunchScreen.storyboard in Resources */ = {isa = PBXBuildFile; fileRef = 3474183B257F5D9D006538D9 /* LaunchScreen.storyboard */; };
		34741848257F5D9E006538D9 /* AppDojoTask2Tests.swift in Sources */ = {isa = PBXBuildFile; fileRef = 34741847257F5D9E006538D9 /* AppDojoTask2Tests.swift */; };
		34741853257F5D9E006538D9 /* AppDojoTask2UITests.swift in Sources */ = {isa = PBXBuildFile; fileRef = 34741852257F5D9E006538D9 /* AppDojoTask2UITests.swift */; };
/* End PBXBuildFile section */

/* Begin PBXContainerItemProxy section */
		34741844257F5D9D006538D9 /* PBXContainerItemProxy */ = {
			isa = PBXContainerItemProxy;
			containerPortal = 34741825257F5D9B006538D9 /* Project object */;
			proxyType = 1;
			remoteGlobalIDString = 3474182C257F5D9B006538D9;
			remoteInfo = AppDojoTask2;
		};
		3474184F257F5D9E006538D9 /* PBXContainerItemProxy */ = {
			isa = PBXContainerItemProxy;
			containerPortal = 34741825257F5D9B006538D9 /* Project object */;
			proxyType = 1;
			remoteGlobalIDString = 3474182C257F5D9B006538D9;
			remoteInfo = AppDojoTask2;
		};
/* End PBXContainerItemProxy section */

/* Begin PBXFileReference section */
		3474182D257F5D9B006538D9 /* AppDojoTask2.app */ = {isa = PBXFileReference; explicitFileType = wrapper.application; includeInIndex = 0; path = AppDojoTask2.app; sourceTree = BUILT_PRODUCTS_DIR; };
		34741830257F5D9B006538D9 /* AppDelegate.swift */ = {isa = PBXFileReference; lastKnownFileType = sourcecode.swift; path = AppDelegate.swift; sourceTree = "<group>"; };
		34741832257F5D9B006538D9 /* SceneDelegate.swift */ = {isa = PBXFileReference; lastKnownFileType = sourcecode.swift; path = SceneDelegate.swift; sourceTree = "<group>"; };
		34741834257F5D9B006538D9 /* ViewController.swift */ = {isa = PBXFileReference; lastKnownFileType = sourcecode.swift; path = ViewController.swift; sourceTree = "<group>"; };
		34741837257F5D9B006538D9 /* Base */ = {isa = PBXFileReference; lastKnownFileType = file.storyboard; name = Base; path = Base.lproj/Main.storyboard; sourceTree = "<group>"; };
		34741839257F5D9D006538D9 /* Assets.xcassets */ = {isa = PBXFileReference; lastKnownFileType = folder.assetcatalog; path = Assets.xcassets; sourceTree = "<group>"; };
		3474183C257F5D9D006538D9 /* Base */ = {isa = PBXFileReference; lastKnownFileType = file.storyboard; name = Base; path = Base.lproj/LaunchScreen.storyboard; sourceTree = "<group>"; };
		3474183E257F5D9D006538D9 /* Info.plist */ = {isa = PBXFileReference; lastKnownFileType = text.plist.xml; path = Info.plist; sourceTree = "<group>"; };
		34741843257F5D9D006538D9 /* AppDojoTask2Tests.xctest */ = {isa = PBXFileReference; explicitFileType = wrapper.cfbundle; includeInIndex = 0; path = AppDojoTask2Tests.xctest; sourceTree = BUILT_PRODUCTS_DIR; };
		34741847257F5D9E006538D9 /* AppDojoTask2Tests.swift */ = {isa = PBXFileReference; lastKnownFileType = sourcecode.swift; path = AppDojoTask2Tests.swift; sourceTree = "<group>"; };
		34741849257F5D9E006538D9 /* Info.plist */ = {isa = PBXFileReference; lastKnownFileType = text.plist.xml; path = Info.plist; sourceTree = "<group>"; };
		3474184E257F5D9E006538D9 /* AppDojoTask2UITests.xctest */ = {isa = PBXFileReference; explicitFileType = wrapper.cfbundle; includeInIndex = 0; path = AppDojoTask2UITests.xctest; sourceTree = BUILT_PRODUCTS_DIR; };
		34741852257F5D9E006538D9 /* AppDojoTask2UITests.swift */ = {isa = PBXFileReference; lastKnownFileType = sourcecode.swift; path = AppDojoTask2UITests.swift; sourceTree = "<group>"; };
		34741854257F5D9E006538D9 /* Info.plist */ = {isa = PBXFileReference; lastKnownFileType = text.plist.xml; path = Info.plist; sourceTree = "<group>"; };
/* End PBXFileReference section */

/* Begin PBXFrameworksBuildPhase section */
		3474182A257F5D9B006538D9 /* Frameworks */ = {
			isa = PBXFrameworksBuildPhase;
			buildActionMask = 2147483647;
			files = (
			);
			runOnlyForDeploymentPostprocessing = 0;
		};
		34741840257F5D9D006538D9 /* Frameworks */ = {
			isa = PBXFrameworksBuildPhase;
			buildActionMask = 2147483647;
			files = (
			);
			runOnlyForDeploymentPostprocessing = 0;
		};
		3474184B257F5D9E006538D9 /* Frameworks */ = {
			isa = PBXFrameworksBuildPhase;
			buildActionMask = 2147483647;
			files = (
			);
			runOnlyForDeploymentPostprocessing = 0;
		};
/* End PBXFrameworksBuildPhase section */

/* Begin PBXGroup section */
		34741824257F5D9B006538D9 = {
			isa = PBXGroup;
			children = (
				3474182F257F5D9B006538D9 /* AppDojoTask2 */,
				34741846257F5D9E006538D9 /* AppDojoTask2Tests */,
				34741851257F5D9E006538D9 /* AppDojoTask2UITests */,
				3474182E257F5D9B006538D9 /* Products */,
			);
			sourceTree = "<group>";
		};
		3474182E257F5D9B006538D9 /* Products */ = {
			isa = PBXGroup;
			children = (
				3474182D257F5D9B006538D9 /* AppDojoTask2.app */,
				34741843257F5D9D006538D9 /* AppDojoTask2Tests.xctest */,
				3474184E257F5D9E006538D9 /* AppDojoTask2UITests.xctest */,
			);
			name = Products;
			sourceTree = "<group>";
		};
		3474182F257F5D9B006538D9 /* AppDojoTask2 */ = {
			isa = PBXGroup;
			children = (
				34741830257F5D9B006538D9 /* AppDelegate.swift */,
				34741832257F5D9B006538D9 /* SceneDelegate.swift */,
				34741834257F5D9B006538D9 /* ViewController.swift */,
				34741836257F5D9B006538D9 /* Main.storyboard */,
				34741839257F5D9D006538D9 /* Assets.xcassets */,
				3474183B257F5D9D006538D9 /* LaunchScreen.storyboard */,
				3474183E257F5D9D006538D9 /* Info.plist */,
			);
			path = AppDojoTask2;
			sourceTree = "<group>";
		};
		34741846257F5D9E006538D9 /* AppDojoTask2Tests */ = {
			isa = PBXGroup;
			children = (
				34741847257F5D9E006538D9 /* AppDojoTask2Tests.swift */,
				34741849257F5D9E006538D9 /* Info.plist */,
			);
			path = AppDojoTask2Tests;
			sourceTree = "<group>";
		};
		34741851257F5D9E006538D9 /* AppDojoTask2UITests */ = {
			isa = PBXGroup;
			children = (
				34741852257F5D9E006538D9 /* AppDojoTask2UITests.swift */,
				34741854257F5D9E006538D9 /* Info.plist */,
			);
			path = AppDojoTask2UITests;
			sourceTree = "<group>";
		};
/* End PBXGroup section */

/* Begin PBXNativeTarget section */
		3474182C257F5D9B006538D9 /* AppDojoTask2 */ = {
			isa = PBXNativeTarget;
			buildConfigurationList = 34741857257F5D9E006538D9 /* Build configuration list for PBXNativeTarget "AppDojoTask2" */;
			buildPhases = (
				34741829257F5D9B006538D9 /* Sources */,
				3474182A257F5D9B006538D9 /* Frameworks */,
				3474182B257F5D9B006538D9 /* Resources */,
			);
			buildRules = (
			);
			dependencies = (
			);
			name = AppDojoTask2;
			productName = AppDojoTask2;
			productReference = 3474182D257F5D9B006538D9 /* AppDojoTask2.app */;
			productType = "com.apple.product-type.application";
		};
		34741842257F5D9D006538D9 /* AppDojoTask2Tests */ = {
			isa = PBXNativeTarget;
			buildConfigurationList = 3474185A257F5D9E006538D9 /* Build configuration list for PBXNativeTarget "AppDojoTask2Tests" */;
			buildPhases = (
				3474183F257F5D9D006538D9 /* Sources */,
				34741840257F5D9D006538D9 /* Frameworks */,
				34741841257F5D9D006538D9 /* Resources */,
			);
			buildRules = (
			);
			dependencies = (
				34741845257F5D9D006538D9 /* PBXTargetDependency */,
			);
			name = AppDojoTask2Tests;
			productName = AppDojoTask2Tests;
			productReference = 34741843257F5D9D006538D9 /* AppDojoTask2Tests.xctest */;
			productType = "com.apple.product-type.bundle.unit-test";
		};
		3474184D257F5D9E006538D9 /* AppDojoTask2UITests */ = {
			isa = PBXNativeTarget;
			buildConfigurationList = 3474185D257F5D9E006538D9 /* Build configuration list for PBXNativeTarget "AppDojoTask2UITests" */;
			buildPhases = (
				3474184A257F5D9E006538D9 /* Sources */,
				3474184B257F5D9E006538D9 /* Frameworks */,
				3474184C257F5D9E006538D9 /* Resources */,
			);
			buildRules = (
			);
			dependencies = (
				34741850257F5D9E006538D9 /* PBXTargetDependency */,
			);
			name = AppDojoTask2UITests;
			productName = AppDojoTask2UITests;
			productReference = 3474184E257F5D9E006538D9 /* AppDojoTask2UITests.xctest */;
			productType = "com.apple.product-type.bundle.ui-testing";
		};
/* End PBXNativeTarget section */

/* Begin PBXProject section */
		34741825257F5D9B006538D9 /* Project object */ = {
			isa = PBXProject;
			attributes = {
				LastSwiftUpdateCheck = 1220;
				LastUpgradeCheck = 1220;
				TargetAttributes = {
					3474182C257F5D9B006538D9 = {
						CreatedOnToolsVersion = 12.2;
					};
					34741842257F5D9D006538D9 = {
						CreatedOnToolsVersion = 12.2;
						TestTargetID = 3474182C257F5D9B006538D9;
					};
					3474184D257F5D9E006538D9 = {
						CreatedOnToolsVersion = 12.2;
						TestTargetID = 3474182C257F5D9B006538D9;
					};
				};
			};
			buildConfigurationList = 34741828257F5D9B006538D9 /* Build configuration list for PBXProject "AppDojoTask2" */;
			compatibilityVersion = "Xcode 9.3";
			developmentRegion = en;
			hasScannedForEncodings = 0;
			knownRegions = (
				en,
				Base,
			);
			mainGroup = 34741824257F5D9B006538D9;
			productRefGroup = 3474182E257F5D9B006538D9 /* Products */;
			projectDirPath = "";
			projectRoot = "";
			targets = (
				3474182C257F5D9B006538D9 /* AppDojoTask2 */,
				34741842257F5D9D006538D9 /* AppDojoTask2Tests */,
				3474184D257F5D9E006538D9 /* AppDojoTask2UITests */,
			);
		};
/* End PBXProject section */

/* Begin PBXResourcesBuildPhase section */
		3474182B257F5D9B006538D9 /* Resources */ = {
			isa = PBXResourcesBuildPhase;
			buildActionMask = 2147483647;
			files = (
				3474183D257F5D9D006538D9 /* LaunchScreen.storyboard in Resources */,
				3474183A257F5D9D006538D9 /* Assets.xcassets in Resources */,
				34741838257F5D9B006538D9 /* Main.storyboard in Resources */,
			);
			runOnlyForDeploymentPostprocessing = 0;
		};
		34741841257F5D9D006538D9 /* Resources */ = {
			isa = PBXResourcesBuildPhase;
			buildActionMask = 2147483647;
			files = (
			);
			runOnlyForDeploymentPostprocessing = 0;
		};
		3474184C257F5D9E006538D9 /* Resources */ = {
			isa = PBXResourcesBuildPhase;
			buildActionMask = 2147483647;
			files = (
			);
			runOnlyForDeploymentPostprocessing = 0;
		};
/* End PBXResourcesBuildPhase section */

/* Begin PBXSourcesBuildPhase section */
		34741829257F5D9B006538D9 /* Sources */ = {
			isa = PBXSourcesBuildPhase;
			buildActionMask = 2147483647;
			files = (
				34741835257F5D9B006538D9 /* ViewController.swift in Sources */,
				34741831257F5D9B006538D9 /* AppDelegate.swift in Sources */,
				34741833257F5D9B006538D9 /* SceneDelegate.swift in Sources */,
			);
			runOnlyForDeploymentPostprocessing = 0;
		};
		3474183F257F5D9D006538D9 /* Sources */ = {
			isa = PBXSourcesBuildPhase;
			buildActionMask = 2147483647;
			files = (
				34741848257F5D9E006538D9 /* AppDojoTask2Tests.swift in Sources */,
			);
			runOnlyForDeploymentPostprocessing = 0;
		};
		3474184A257F5D9E006538D9 /* Sources */ = {
			isa = PBXSourcesBuildPhase;
			buildActionMask = 2147483647;
			files = (
				34741853257F5D9E006538D9 /* AppDojoTask2UITests.swift in Sources */,
			);
			runOnlyForDeploymentPostprocessing = 0;
		};
/* End PBXSourcesBuildPhase section */

/* Begin PBXTargetDependency section */
		34741845257F5D9D006538D9 /* PBXTargetDependency */ = {
			isa = PBXTargetDependency;
			target = 3474182C257F5D9B006538D9 /* AppDojoTask2 */;
			targetProxy = 34741844257F5D9D006538D9 /* PBXContainerItemProxy */;
		};
		34741850257F5D9E006538D9 /* PBXTargetDependency */ = {
			isa = PBXTargetDependency;
			target = 3474182C257F5D9B006538D9 /* AppDojoTask2 */;
			targetProxy = 3474184F257F5D9E006538D9 /* PBXContainerItemProxy */;
		};
/* End PBXTargetDependency section */

/* Begin PBXVariantGroup section */
		34741836257F5D9B006538D9 /* Main.storyboard */ = {
			isa = PBXVariantGroup;
			children = (
				34741837257F5D9B006538D9 /* Base */,
			);
			name = Main.storyboard;
			sourceTree = "<group>";
		};
		3474183B257F5D9D006538D9 /* LaunchScreen.storyboard */ = {
			isa = PBXVariantGroup;
			children = (
				3474183C257F5D9D006538D9 /* Base */,
			);
			name = LaunchScreen.storyboard;
			sourceTree = "<group>";
		};
/* End PBXVariantGroup section */

/* Begin XCBuildConfiguration section */
		34741855257F5D9E006538D9 /* Debug */ = {
			isa = XCBuildConfiguration;
			buildSettings = {
				ALWAYS_SEARCH_USER_PATHS = NO;
				CLANG_ANALYZER_NONNULL = YES;
				CLANG_ANALYZER_NUMBER_OBJECT_CONVERSION = YES_AGGRESSIVE;
				CLANG_CXX_LANGUAGE_STANDARD = "gnu++14";
				CLANG_CXX_LIBRARY = "libc++";
				CLANG_ENABLE_MODULES = YES;
				CLANG_ENABLE_OBJC_ARC = YES;
				CLANG_ENABLE_OBJC_WEAK = YES;
				CLANG_WARN_BLOCK_CAPTURE_AUTORELEASING = YES;
				CLANG_WARN_BOOL_CONVERSION = YES;
				CLANG_WARN_COMMA = YES;
				CLANG_WARN_CONSTANT_CONVERSION = YES;
				CLANG_WARN_DEPRECATED_OBJC_IMPLEMENTATIONS = YES;
				CLANG_WARN_DIRECT_OBJC_ISA_USAGE = YES_ERROR;
				CLANG_WARN_DOCUMENTATION_COMMENTS = YES;
				CLANG_WARN_EMPTY_BODY = YES;
				CLANG_WARN_ENUM_CONVERSION = YES;
				CLANG_WARN_INFINITE_RECURSION = YES;
				CLANG_WARN_INT_CONVERSION = YES;
				CLANG_WARN_NON_LITERAL_NULL_CONVERSION = YES;
				CLANG_WARN_OBJC_IMPLICIT_RETAIN_SELF = YES;
				CLANG_WARN_OBJC_LITERAL_CONVERSION = YES;
				CLANG_WARN_OBJC_ROOT_CLASS = YES_ERROR;
				CLANG_WARN_QUOTED_INCLUDE_IN_FRAMEWORK_HEADER = YES;
				CLANG_WARN_RANGE_LOOP_ANALYSIS = YES;
				CLANG_WARN_STRICT_PROTOTYPES = YES;
				CLANG_WARN_SUSPICIOUS_MOVE = YES;
				CLANG_WARN_UNGUARDED_AVAILABILITY = YES_AGGRESSIVE;
				CLANG_WARN_UNREACHABLE_CODE = YES;
				CLANG_WARN__DUPLICATE_METHOD_MATCH = YES;
				COPY_PHASE_STRIP = NO;
				DEBUG_INFORMATION_FORMAT = dwarf;
				ENABLE_STRICT_OBJC_MSGSEND = YES;
				ENABLE_TESTABILITY = YES;
				GCC_C_LANGUAGE_STANDARD = gnu11;
				GCC_DYNAMIC_NO_PIC = NO;
				GCC_NO_COMMON_BLOCKS = YES;
				GCC_OPTIMIZATION_LEVEL = 0;
				GCC_PREPROCESSOR_DEFINITIONS = (
					"DEBUG=1",
					"$(inherited)",
				);
				GCC_WARN_64_TO_32_BIT_CONVERSION = YES;
				GCC_WARN_ABOUT_RETURN_TYPE = YES_ERROR;
				GCC_WARN_UNDECLARED_SELECTOR = YES;
				GCC_WARN_UNINITIALIZED_AUTOS = YES_AGGRESSIVE;
				GCC_WARN_UNUSED_FUNCTION = YES;
				GCC_WARN_UNUSED_VARIABLE = YES;
				IPHONEOS_DEPLOYMENT_TARGET = 14.2;
				MTL_ENABLE_DEBUG_INFO = INCLUDE_SOURCE;
				MTL_FAST_MATH = YES;
				ONLY_ACTIVE_ARCH = YES;
				SDKROOT = iphoneos;
				SWIFT_ACTIVE_COMPILATION_CONDITIONS = DEBUG;
				SWIFT_OPTIMIZATION_LEVEL = "-Onone";
			};
			name = Debug;
		};
		34741856257F5D9E006538D9 /* Release */ = {
			isa = XCBuildConfiguration;
			buildSettings = {
				ALWAYS_SEARCH_USER_PATHS = NO;
				CLANG_ANALYZER_NONNULL = YES;
				CLANG_ANALYZER_NUMBER_OBJECT_CONVERSION = YES_AGGRESSIVE;
				CLANG_CXX_LANGUAGE_STANDARD = "gnu++14";
				CLANG_CXX_LIBRARY = "libc++";
				CLANG_ENABLE_MODULES = YES;
				CLANG_ENABLE_OBJC_ARC = YES;
				CLANG_ENABLE_OBJC_WEAK = YES;
				CLANG_WARN_BLOCK_CAPTURE_AUTORELEASING = YES;
				CLANG_WARN_BOOL_CONVERSION = YES;
				CLANG_WARN_COMMA = YES;
				CLANG_WARN_CONSTANT_CONVERSION = YES;
				CLANG_WARN_DEPRECATED_OBJC_IMPLEMENTATIONS = YES;
				CLANG_WARN_DIRECT_OBJC_ISA_USAGE = YES_ERROR;
				CLANG_WARN_DOCUMENTATION_COMMENTS = YES;
				CLANG_WARN_EMPTY_BODY = YES;
				CLANG_WARN_ENUM_CONVERSION = YES;
				CLANG_WARN_INFINITE_RECURSION = YES;
				CLANG_WARN_INT_CONVERSION = YES;
				CLANG_WARN_NON_LITERAL_NULL_CONVERSION = YES;
				CLANG_WARN_OBJC_IMPLICIT_RETAIN_SELF = YES;
				CLANG_WARN_OBJC_LITERAL_CONVERSION = YES;
				CLANG_WARN_OBJC_ROOT_CLASS = YES_ERROR;
				CLANG_WARN_QUOTED_INCLUDE_IN_FRAMEWORK_HEADER = YES;
				CLANG_WARN_RANGE_LOOP_ANALYSIS = YES;
				CLANG_WARN_STRICT_PROTOTYPES = YES;
				CLANG_WARN_SUSPICIOUS_MOVE = YES;
				CLANG_WARN_UNGUARDED_AVAILABILITY = YES_AGGRESSIVE;
				CLANG_WARN_UNREACHABLE_CODE = YES;
				CLANG_WARN__DUPLICATE_METHOD_MATCH = YES;
				COPY_PHASE_STRIP = NO;
				DEBUG_INFORMATION_FORMAT = "dwarf-with-dsym";
				ENABLE_NS_ASSERTIONS = NO;
				ENABLE_STRICT_OBJC_MSGSEND = YES;
				GCC_C_LANGUAGE_STANDARD = gnu11;
				GCC_NO_COMMON_BLOCKS = YES;
				GCC_WARN_64_TO_32_BIT_CONVERSION = YES;
				GCC_WARN_ABOUT_RETURN_TYPE = YES_ERROR;
				GCC_WARN_UNDECLARED_SELECTOR = YES;
				GCC_WARN_UNINITIALIZED_AUTOS = YES_AGGRESSIVE;
				GCC_WARN_UNUSED_FUNCTION = YES;
				GCC_WARN_UNUSED_VARIABLE = YES;
				IPHONEOS_DEPLOYMENT_TARGET = 14.2;
				MTL_ENABLE_DEBUG_INFO = NO;
				MTL_FAST_MATH = YES;
				SDKROOT = iphoneos;
				SWIFT_COMPILATION_MODE = wholemodule;
				SWIFT_OPTIMIZATION_LEVEL = "-O";
				VALIDATE_PRODUCT = YES;
			};
			name = Release;
		};
		34741858257F5D9E006538D9 /* Debug */ = {
			isa = XCBuildConfiguration;
			buildSettings = {
				ASSETCATALOG_COMPILER_APPICON_NAME = AppIcon;
				ASSETCATALOG_COMPILER_GLOBAL_ACCENT_COLOR_NAME = AccentColor;
				CODE_SIGN_STYLE = Automatic;
				INFOPLIST_FILE = AppDojoTask2/Info.plist;
				LD_RUNPATH_SEARCH_PATHS = (
					"$(inherited)",
					"@executable_path/Frameworks",
				);
				PRODUCT_BUNDLE_IDENTIFIER = net.zakihaya.AppDojoTask2;
				PRODUCT_NAME = "$(TARGET_NAME)";
				SWIFT_VERSION = 5.0;
				TARGETED_DEVICE_FAMILY = "1,2";
			};
			name = Debug;
		};
		34741859257F5D9E006538D9 /* Release */ = {
			isa = XCBuildConfiguration;
			buildSettings = {
				ASSETCATALOG_COMPILER_APPICON_NAME = AppIcon;
				ASSETCATALOG_COMPILER_GLOBAL_ACCENT_COLOR_NAME = AccentColor;
				CODE_SIGN_STYLE = Automatic;
				INFOPLIST_FILE = AppDojoTask2/Info.plist;
				LD_RUNPATH_SEARCH_PATHS = (
					"$(inherited)",
					"@executable_path/Frameworks",
				);
				PRODUCT_BUNDLE_IDENTIFIER = net.zakihaya.AppDojoTask2;
				PRODUCT_NAME = "$(TARGET_NAME)";
				SWIFT_VERSION = 5.0;
				TARGETED_DEVICE_FAMILY = "1,2";
			};
			name = Release;
		};
		3474185B257F5D9E006538D9 /* Debug */ = {
			isa = XCBuildConfiguration;
			buildSettings = {
				ALWAYS_EMBED_SWIFT_STANDARD_LIBRARIES = YES;
				BUNDLE_LOADER = "$(TEST_HOST)";
				CODE_SIGN_STYLE = Automatic;
				INFOPLIST_FILE = AppDojoTask2Tests/Info.plist;
				IPHONEOS_DEPLOYMENT_TARGET = 14.2;
				LD_RUNPATH_SEARCH_PATHS = (
					"$(inherited)",
					"@executable_path/Frameworks",
					"@loader_path/Frameworks",
				);
				PRODUCT_BUNDLE_IDENTIFIER = net.zakihaya.AppDojoTask2Tests;
				PRODUCT_NAME = "$(TARGET_NAME)";
				SWIFT_VERSION = 5.0;
				TARGETED_DEVICE_FAMILY = "1,2";
				TEST_HOST = "$(BUILT_PRODUCTS_DIR)/AppDojoTask2.app/AppDojoTask2";
			};
			name = Debug;
		};
		3474185C257F5D9E006538D9 /* Release */ = {
			isa = XCBuildConfiguration;
			buildSettings = {
				ALWAYS_EMBED_SWIFT_STANDARD_LIBRARIES = YES;
				BUNDLE_LOADER = "$(TEST_HOST)";
				CODE_SIGN_STYLE = Automatic;
				INFOPLIST_FILE = AppDojoTask2Tests/Info.plist;
				IPHONEOS_DEPLOYMENT_TARGET = 14.2;
				LD_RUNPATH_SEARCH_PATHS = (
					"$(inherited)",
					"@executable_path/Frameworks",
					"@loader_path/Frameworks",
				);
				PRODUCT_BUNDLE_IDENTIFIER = net.zakihaya.AppDojoTask2Tests;
				PRODUCT_NAME = "$(TARGET_NAME)";
				SWIFT_VERSION = 5.0;
				TARGETED_DEVICE_FAMILY = "1,2";
				TEST_HOST = "$(BUILT_PRODUCTS_DIR)/AppDojoTask2.app/AppDojoTask2";
			};
			name = Release;
		};
		3474185E257F5D9E006538D9 /* Debug */ = {
			isa = XCBuildConfiguration;
			buildSettings = {
				ALWAYS_EMBED_SWIFT_STANDARD_LIBRARIES = YES;
				CODE_SIGN_STYLE = Automatic;
				INFOPLIST_FILE = AppDojoTask2UITests/Info.plist;
				LD_RUNPATH_SEARCH_PATHS = (
					"$(inherited)",
					"@executable_path/Frameworks",
					"@loader_path/Frameworks",
				);
				PRODUCT_BUNDLE_IDENTIFIER = net.zakihaya.AppDojoTask2UITests;
				PRODUCT_NAME = "$(TARGET_NAME)";
				SWIFT_VERSION = 5.0;
				TARGETED_DEVICE_FAMILY = "1,2";
				TEST_TARGET_NAME = AppDojoTask2;
			};
			name = Debug;
		};
		3474185F257F5D9E006538D9 /* Release */ = {
			isa = XCBuildConfiguration;
			buildSettings = {
				ALWAYS_EMBED_SWIFT_STANDARD_LIBRARIES = YES;
				CODE_SIGN_STYLE = Automatic;
				INFOPLIST_FILE = AppDojoTask2UITests/Info.plist;
				LD_RUNPATH_SEARCH_PATHS = (
					"$(inherited)",
					"@executable_path/Frameworks",
					"@loader_path/Frameworks",
				);
				PRODUCT_BUNDLE_IDENTIFIER = net.zakihaya.AppDojoTask2UITests;
				PRODUCT_NAME = "$(TARGET_NAME)";
				SWIFT_VERSION = 5.0;
				TARGETED_DEVICE_FAMILY = "1,2";
				TEST_TARGET_NAME = AppDojoTask2;
			};
			name = Release;
		};
/* End XCBuildConfiguration section */

/* Begin XCConfigurationList section */
		34741828257F5D9B006538D9 /* Build configuration list for PBXProject "AppDojoTask2" */ = {
			isa = XCConfigurationList;
			buildConfigurations = (
				34741855257F5D9E006538D9 /* Debug */,
				34741856257F5D9E006538D9 /* Release */,
			);
			defaultConfigurationIsVisible = 0;
			defaultConfigurationName = Release;
		};
		34741857257F5D9E006538D9 /* Build configuration list for PBXNativeTarget "AppDojoTask2" */ = {
			isa = XCConfigurationList;
			buildConfigurations = (
				34741858257F5D9E006538D9 /* Debug */,
				34741859257F5D9E006538D9 /* Release */,
			);
			defaultConfigurationIsVisible = 0;
			defaultConfigurationName = Release;
		};
		3474185A257F5D9E006538D9 /* Build configuration list for PBXNativeTarget "AppDojoTask2Tests" */ = {
			isa = XCConfigurationList;
			buildConfigurations = (
				3474185B257F5D9E006538D9 /* Debug */,
				3474185C257F5D9E006538D9 /* Release */,
			);
			defaultConfigurationIsVisible = 0;
			defaultConfigurationName = Release;
		};
		3474185D257F5D9E006538D9 /* Build configuration list for PBXNativeTarget "AppDojoTask2UITests" */ = {
			isa = XCConfigurationList;
			buildConfigurations = (
				3474185E257F5D9E006538D9 /* Debug */,
				3474185F257F5D9E006538D9 /* Release */,
			);
			defaultConfigurationIsVisible = 0;
			defaultConfigurationName = Release;
		};
/* End XCConfigurationList section */
	};
	rootObject = 34741825257F5D9B006538D9 /* Project object */;
}
